// !$*UTF8*$!
{
	archiveVersion = 1;
	classes = {
	};
	objectVersion = 46;
	objects = {

/* Begin PBXBuildFile section */
		491621781EB4EE0E00AE0317 /* Makefile in Sources */ = {isa = PBXBuildFile; fileRef = 491621771EB4EE0E00AE0317 /* Makefile */; };
		4916217A1EB4F39D00AE0317 /* hello.c in Sources */ = {isa = PBXBuildFile; fileRef = 491621791EB4F39D00AE0317 /* hello.c */; };
		4916217C1EB4F3A600AE0317 /* Makefile in Sources */ = {isa = PBXBuildFile; fileRef = 4916217B1EB4F3A600AE0317 /* Makefile */; };
		4916217F1EB4F3B300AE0317 /* scull.c in Sources */ = {isa = PBXBuildFile; fileRef = 4916217D1EB4F3B300AE0317 /* scull.c */; };
		492E59581EC1F19200BA6606 /* read_file.c in Sources */ = {isa = PBXBuildFile; fileRef = 492E59571EC1F19200BA6606 /* read_file.c */; };
		4953B3DA1EC004BA0070CEC2 /* Makefile in Sources */ = {isa = PBXBuildFile; fileRef = 4953B3D91EC004BA0070CEC2 /* Makefile */; };
		4953B3DD1EC004CF0070CEC2 /* scull.c in Sources */ = {isa = PBXBuildFile; fileRef = 4953B3DB1EC004CF0070CEC2 /* scull.c */; };
		49C7B77D1EB4A8B500116541 /* main.c in Sources */ = {isa = PBXBuildFile; fileRef = 49C7B77C1EB4A8B500116541 /* main.c */; };
/* End PBXBuildFile section */

/* Begin PBXCopyFilesBuildPhase section */
		49C7B7771EB4A8B400116541 /* CopyFiles */ = {
			isa = PBXCopyFilesBuildPhase;
			buildActionMask = 2147483647;
			dstPath = /usr/share/man/man1/;
			dstSubfolderSpec = 0;
			files = (
			);
			runOnlyForDeploymentPostprocessing = 1;
		};
/* End PBXCopyFilesBuildPhase section */

/* Begin PBXFileReference section */
		491621771EB4EE0E00AE0317 /* Makefile */ = {isa = PBXFileReference; fileEncoding = 4; lastKnownFileType = sourcecode.make; name = Makefile; path = scull/Makefile; sourceTree = "<group>"; };
		491621791EB4F39D00AE0317 /* hello.c */ = {isa = PBXFileReference; fileEncoding = 4; lastKnownFileType = sourcecode.c.c; name = hello.c; path = hello/hello.c; sourceTree = "<group>"; };
		4916217B1EB4F3A600AE0317 /* Makefile */ = {isa = PBXFileReference; fileEncoding = 4; lastKnownFileType = sourcecode.make; name = Makefile; path = hello/Makefile; sourceTree = "<group>"; };
		4916217D1EB4F3B300AE0317 /* scull.c */ = {isa = PBXFileReference; fileEncoding = 4; lastKnownFileType = sourcecode.c.c; name = scull.c; path = scull/scull.c; sourceTree = "<group>"; };
		4916217E1EB4F3B300AE0317 /* scull.h */ = {isa = PBXFileReference; fileEncoding = 4; lastKnownFileType = sourcecode.c.h; name = scull.h; path = scull/scull.h; sourceTree = "<group>"; };
		491621801EB5592A00AE0317 /* scull_load.sh */ = {isa = PBXFileReference; lastKnownFileType = text.script.sh; name = scull_load.sh; path = scull/scull_load.sh; sourceTree = "<group>"; };
		491621811EB5F65F00AE0317 /* scull_unload.sh */ = {isa = PBXFileReference; lastKnownFileType = text.script.sh; name = scull_unload.sh; path = scull/scull_unload.sh; sourceTree = "<group>"; };
		492E59571EC1F19200BA6606 /* read_file.c */ = {isa = PBXFileReference; fileEncoding = 4; lastKnownFileType = sourcecode.c.c; name = read_file.c; path = read_file/read_file.c; sourceTree = "<group>"; };
		4953B3D71EC004940070CEC2 /* scull_load.sh */ = {isa = PBXFileReference; lastKnownFileType = text.script.sh; name = scull_load.sh; path = scull_with_debug/scull_load.sh; sourceTree = "<group>"; };
		4953B3D81EC004A80070CEC2 /* scull_unload.sh */ = {isa = PBXFileReference; lastKnownFileType = text.script.sh; name = scull_unload.sh; path = scull_with_debug/scull_unload.sh; sourceTree = "<group>"; };
		4953B3D91EC004BA0070CEC2 /* Makefile */ = {isa = PBXFileReference; fileEncoding = 4; lastKnownFileType = sourcecode.make; name = Makefile; path = scull_with_debug/Makefile; sourceTree = "<group>"; };
		4953B3DB1EC004CF0070CEC2 /* scull.c */ = {isa = PBXFileReference; fileEncoding = 4; lastKnownFileType = sourcecode.c.c; name = scull.c; path = scull_with_debug/scull.c; sourceTree = "<group>"; };
		4953B3DC1EC004CF0070CEC2 /* scull.h */ = {isa = PBXFileReference; fileEncoding = 4; lastKnownFileType = sourcecode.c.h; name = scull.h; path = scull_with_debug/scull.h; sourceTree = "<group>"; };
		49C7B7791EB4A8B500116541 /* ldd */ = {isa = PBXFileReference; explicitFileType = "compiled.mach-o.executable"; includeInIndex = 0; path = ldd; sourceTree = BUILT_PRODUCTS_DIR; };
		49C7B77C1EB4A8B500116541 /* main.c */ = {isa = PBXFileReference; lastKnownFileType = sourcecode.c.c; path = main.c; sourceTree = "<group>"; };
/* End PBXFileReference section */

/* Begin PBXFrameworksBuildPhase section */
		49C7B7761EB4A8B400116541 /* Frameworks */ = {
			isa = PBXFrameworksBuildPhase;
			buildActionMask = 2147483647;
			files = (
			);
			runOnlyForDeploymentPostprocessing = 0;
		};
/* End PBXFrameworksBuildPhase section */

/* Begin PBXGroup section */
		491621711EB4E58800AE0317 /* scull */ = {
			isa = PBXGroup;
			children = (
				4916217D1EB4F3B300AE0317 /* scull.c */,
				4916217E1EB4F3B300AE0317 /* scull.h */,
				491621771EB4EE0E00AE0317 /* Makefile */,
				491621801EB5592A00AE0317 /* scull_load.sh */,
				491621811EB5F65F00AE0317 /* scull_unload.sh */,
			);
			name = scull;
			sourceTree = "<group>";
		};
		491621721EB4E77D00AE0317 /* hello_world */ = {
			isa = PBXGroup;
			children = (
				4916217B1EB4F3A600AE0317 /* Makefile */,
				491621791EB4F39D00AE0317 /* hello.c */,
			);
			name = hello_world;
			sourceTree = "<group>";
		};
		492E59561EC1F17000BA6606 /* read_file */ = {
			isa = PBXGroup;
			children = (
				492E59571EC1F19200BA6606 /* read_file.c */,
			);
			name = read_file;
			sourceTree = "<group>";
		};
		4953B3D61EC003E40070CEC2 /* scull_with_debug */ = {
			isa = PBXGroup;
			children = (
				4953B3D71EC004940070CEC2 /* scull_load.sh */,
				4953B3D81EC004A80070CEC2 /* scull_unload.sh */,
				4953B3D91EC004BA0070CEC2 /* Makefile */,
				4953B3DB1EC004CF0070CEC2 /* scull.c */,
				4953B3DC1EC004CF0070CEC2 /* scull.h */,
			);
			name = scull_with_debug;
			sourceTree = "<group>";
		};
		49C7B7701EB4A8B400116541 = {
			isa = PBXGroup;
			children = (
				49C7B77B1EB4A8B500116541 /* ldd */,
				49C7B77A1EB4A8B500116541 /* Products */,
			);
			sourceTree = "<group>";
		};
		49C7B77A1EB4A8B500116541 /* Products */ = {
			isa = PBXGroup;
			children = (
				49C7B7791EB4A8B500116541 /* ldd */,
			);
			name = Products;
			sourceTree = "<group>";
		};
		49C7B77B1EB4A8B500116541 /* ldd */ = {
			isa = PBXGroup;
			children = (
				492E59561EC1F17000BA6606 /* read_file */,
				4953B3D61EC003E40070CEC2 /* scull_with_debug */,
				491621721EB4E77D00AE0317 /* hello_world */,
				491621711EB4E58800AE0317 /* scull */,
				49C7B77C1EB4A8B500116541 /* main.c */,
			);
			path = ldd;
			sourceTree = "<group>";
		};
/* End PBXGroup section */

/* Begin PBXNativeTarget section */
		49C7B7781EB4A8B400116541 /* ldd */ = {
			isa = PBXNativeTarget;
			buildConfigurationList = 49C7B7801EB4A8B500116541 /* Build configuration list for PBXNativeTarget "ldd" */;
			buildPhases = (
				49C7B7751EB4A8B400116541 /* Sources */,
				49C7B7761EB4A8B400116541 /* Frameworks */,
				49C7B7771EB4A8B400116541 /* CopyFiles */,
			);
			buildRules = (
			);
			dependencies = (
			);
			name = ldd;
			productName = ldd;
			productReference = 49C7B7791EB4A8B500116541 /* ldd */;
			productType = "com.apple.product-type.tool";
		};
/* End PBXNativeTarget section */

/* Begin PBXProject section */
		49C7B7711EB4A8B400116541 /* Project object */ = {
			isa = PBXProject;
			attributes = {
				LastUpgradeCheck = 0810;
				ORGANIZATIONNAME = pengsida;
				TargetAttributes = {
					49C7B7781EB4A8B400116541 = {
						CreatedOnToolsVersion = 8.1;
						ProvisioningStyle = Automatic;
					};
				};
			};
			buildConfigurationList = 49C7B7741EB4A8B400116541 /* Build configuration list for PBXProject "ldd" */;
			compatibilityVersion = "Xcode 3.2";
			developmentRegion = English;
			hasScannedForEncodings = 0;
			knownRegions = (
				en,
			);
			mainGroup = 49C7B7701EB4A8B400116541;
			productRefGroup = 49C7B77A1EB4A8B500116541 /* Products */;
			projectDirPath = "";
			projectRoot = "";
			targets = (
				49C7B7781EB4A8B400116541 /* ldd */,
			);
		};
/* End PBXProject section */

/* Begin PBXSourcesBuildPhase section */
		49C7B7751EB4A8B400116541 /* Sources */ = {
			isa = PBXSourcesBuildPhase;
			buildActionMask = 2147483647;
			files = (
				4953B3DA1EC004BA0070CEC2 /* Makefile in Sources */,
				4916217A1EB4F39D00AE0317 /* hello.c in Sources */,
				491621781EB4EE0E00AE0317 /* Makefile in Sources */,
				4916217C1EB4F3A600AE0317 /* Makefile in Sources */,
				4916217F1EB4F3B300AE0317 /* scull.c in Sources */,
				4953B3DD1EC004CF0070CEC2 /* scull.c in Sources */,
				49C7B77D1EB4A8B500116541 /* main.c in Sources */,
				492E59581EC1F19200BA6606 /* read_file.c in Sources */,
			);
			runOnlyForDeploymentPostprocessing = 0;
		};
/* End PBXSourcesBuildPhase section */

/* Begin XCBuildConfiguration section */
		49C7B77E1EB4A8B500116541 /* Debug */ = {
			isa = XCBuildConfiguration;
			buildSettings = {
				ALWAYS_SEARCH_USER_PATHS = NO;
				CLANG_ANALYZER_NONNULL = YES;
				CLANG_CXX_LANGUAGE_STANDARD = "gnu++0x";
				CLANG_CXX_LIBRARY = "libc++";
				CLANG_ENABLE_MODULES = YES;
				CLANG_ENABLE_OBJC_ARC = YES;
				CLANG_WARN_BOOL_CONVERSION = YES;
				CLANG_WARN_CONSTANT_CONVERSION = YES;
				CLANG_WARN_DIRECT_OBJC_ISA_USAGE = YES_ERROR;
				CLANG_WARN_DOCUMENTATION_COMMENTS = YES;
				CLANG_WARN_EMPTY_BODY = YES;
				CLANG_WARN_ENUM_CONVERSION = YES;
				CLANG_WARN_INFINITE_RECURSION = YES;
				CLANG_WARN_INT_CONVERSION = YES;
				CLANG_WARN_OBJC_ROOT_CLASS = YES_ERROR;
				CLANG_WARN_SUSPICIOUS_MOVES = YES;
				CLANG_WARN_UNREACHABLE_CODE = YES;
				CLANG_WARN__DUPLICATE_METHOD_MATCH = YES;
				CODE_SIGN_IDENTITY = "-";
				COPY_PHASE_STRIP = NO;
				DEBUG_INFORMATION_FORMAT = dwarf;
				ENABLE_STRICT_OBJC_MSGSEND = YES;
				ENABLE_TESTABILITY = YES;
				GCC_C_LANGUAGE_STANDARD = gnu99;
				GCC_DYNAMIC_NO_PIC = NO;
				GCC_NO_COMMON_BLOCKS = YES;
				GCC_OPTIMIZATION_LEVEL = 0;
				GCC_PREPROCESSOR_DEFINITIONS = (
					"DEBUG=1",
					"$(inherited)",
				);
				GCC_WARN_64_TO_32_BIT_CONVERSION = YES;
				GCC_WARN_ABOUT_RETURN_TYPE = YES_ERROR;
				GCC_WARN_UNDECLARED_SELECTOR = YES;
				GCC_WARN_UNINITIALIZED_AUTOS = YES_AGGRESSIVE;
				GCC_WARN_UNUSED_FUNCTION = YES;
				GCC_WARN_UNUSED_VARIABLE = YES;
				MACOSX_DEPLOYMENT_TARGET = 10.12;
				MTL_ENABLE_DEBUG_INFO = YES;
				ONLY_ACTIVE_ARCH = YES;
				SDKROOT = macosx;
			};
			name = Debug;
		};
		49C7B77F1EB4A8B500116541 /* Release */ = {
			isa = XCBuildConfiguration;
			buildSettings = {
				ALWAYS_SEARCH_USER_PATHS = NO;
				CLANG_ANALYZER_NONNULL = YES;
				CLANG_CXX_LANGUAGE_STANDARD = "gnu++0x";
				CLANG_CXX_LIBRARY = "libc++";
				CLANG_ENABLE_MODULES = YES;
				CLANG_ENABLE_OBJC_ARC = YES;
				CLANG_WARN_BOOL_CONVERSION = YES;
				CLANG_WARN_CONSTANT_CONVERSION = YES;
				CLANG_WARN_DIRECT_OBJC_ISA_USAGE = YES_ERROR;
				CLANG_WARN_DOCUMENTATION_COMMENTS = YES;
				CLANG_WARN_EMPTY_BODY = YES;
				CLANG_WARN_ENUM_CONVERSION = YES;
				CLANG_WARN_INFINITE_RECURSION = YES;
				CLANG_WARN_INT_CONVERSION = YES;
				CLANG_WARN_OBJC_ROOT_CLASS = YES_ERROR;
				CLANG_WARN_SUSPICIOUS_MOVES = YES;
				CLANG_WARN_UNREACHABLE_CODE = YES;
				CLANG_WARN__DUPLICATE_METHOD_MATCH = YES;
				CODE_SIGN_IDENTITY = "-";
				COPY_PHASE_STRIP = NO;
				DEBUG_INFORMATION_FORMAT = "dwarf-with-dsym";
				ENABLE_NS_ASSERTIONS = NO;
				ENABLE_STRICT_OBJC_MSGSEND = YES;
				GCC_C_LANGUAGE_STANDARD = gnu99;
				GCC_NO_COMMON_BLOCKS = YES;
				GCC_WARN_64_TO_32_BIT_CONVERSION = YES;
				GCC_WARN_ABOUT_RETURN_TYPE = YES_ERROR;
				GCC_WARN_UNDECLARED_SELECTOR = YES;
				GCC_WARN_UNINITIALIZED_AUTOS = YES_AGGRESSIVE;
				GCC_WARN_UNUSED_FUNCTION = YES;
				GCC_WARN_UNUSED_VARIABLE = YES;
				MACOSX_DEPLOYMENT_TARGET = 10.12;
				MTL_ENABLE_DEBUG_INFO = NO;
				SDKROOT = macosx;
			};
			name = Release;
		};
		49C7B7811EB4A8B500116541 /* Debug */ = {
			isa = XCBuildConfiguration;
			buildSettings = {
				HEADER_SEARCH_PATHS = "/Users/pengsida/linux-headers-4.8.0-22/include/**";
				LIBRARY_SEARCH_PATHS = "/Users/pengsida/linux-headers-4.8.0-22/lib/**";
				PRODUCT_NAME = "$(TARGET_NAME)";
			};
			name = Debug;
		};
		49C7B7821EB4A8B500116541 /* Release */ = {
			isa = XCBuildConfiguration;
			buildSettings = {
				HEADER_SEARCH_PATHS = "/Users/pengsida/linux-headers-4.8.0-22/include/**";
				LIBRARY_SEARCH_PATHS = "/Users/pengsida/linux-headers-4.8.0-22/lib/**";
				PRODUCT_NAME = "$(TARGET_NAME)";
			};
			name = Release;
		};
/* End XCBuildConfiguration section */

/* Begin XCConfigurationList section */
		49C7B7741EB4A8B400116541 /* Build configuration list for PBXProject "ldd" */ = {
			isa = XCConfigurationList;
			buildConfigurations = (
				49C7B77E1EB4A8B500116541 /* Debug */,
				49C7B77F1EB4A8B500116541 /* Release */,
			);
			defaultConfigurationIsVisible = 0;
			defaultConfigurationName = Release;
		};
		49C7B7801EB4A8B500116541 /* Build configuration list for PBXNativeTarget "ldd" */ = {
			isa = XCConfigurationList;
			buildConfigurations = (
				49C7B7811EB4A8B500116541 /* Debug */,
				49C7B7821EB4A8B500116541 /* Release */,
			);
			defaultConfigurationIsVisible = 0;
			defaultConfigurationName = Release;
		};
/* End XCConfigurationList section */
	};
	rootObject = 49C7B7711EB4A8B400116541 /* Project object */;
}
